
Microsoft Visual Studio Solution File, Format Version 12.00
# Visual Studio 14
VisualStudioVersion = 14.0.25420.1
MinimumVisualStudioVersion = 10.0.40219.1
Project("{8BC9CEB8-8B4A-11D0-8D11-00A0C91BC942}") = "Engine", "Engine\Engine.vcxproj", "{B73245F3-4FA5-4D8A-8CD9-904EB32914B0}"
EndProject
Project("{8BC9CEB8-8B4A-11D0-8D11-00A0C91BC942}") = "QixTDJNIPCDll", "QixTDJNIPCDll\QixTDJNIPCDll.vcxproj", "{A42B4DAA-1158-45D2-ACBD-88F90EE6B07C}"
EndProject
Project("{8BC9CEB8-8B4A-11D0-8D11-00A0C91BC942}") = "QixTDPC", "QixTDPC\QixTDPC.vcxproj", "{E9D2FC9F-04A3-44F4-BFF1-565EED1BBA96}"
EndProject
Project("{8BC9CEB8-8B4A-11D0-8D11-00A0C91BC942}") = "QixTD", "QixTD\QixTD.vcxproj", "{96AB5FC7-D017-49A9-8DAB-7105754FBBF9}"
EndProject
Project("{8BC9CEB8-8B4A-11D0-8D11-00A0C91BC942}") = "Tetris", "Tetris\Tetris.vcxproj", "{8A97C72E-88D0-49BE-9A6E-BAC64AA30686}"
EndProject
Project("{8BC9CEB8-8B4A-11D0-8D11-00A0C91BC942}") = "TetrisPC", "TetrisPC\TetrisPC.vcxproj", "{B72685F2-5D33-4137-9DA0-CC88C064411C}"
EndProject
Project("{8BC9CEB8-8B4A-11D0-8D11-00A0C91BC942}") = "Heroes", "Heroes\Heroes.vcxproj", "{1199503A-FC68-41F2-88DB-FF58BB6B2160}"
EndProject
Project("{8BC9CEB8-8B4A-11D0-8D11-00A0C91BC942}") = "HeroesPC", "HeroesPC\HeroesPC.vcxproj", "{A49FBC7D-966A-4D0C-B3F6-EE921716D8B6}"
EndProject
Project("{8BC9CEB8-8B4A-11D0-8D11-00A0C91BC942}") = "HeroesBase", "HeroesBase\HeroesBase.vcxproj", "{4AE558B8-D7BA-4921-924C-5E6BD70B5CE1}"
EndProject
Project("{8BC9CEB8-8B4A-11D0-8D11-00A0C91BC942}") = "LGBTMovementSimulator", "LGBTMovementSimulator\LGBTMovementSimulator.vcxproj", "{BCF6A370-AFCC-496E-B12A-59A93ED930D4}"
EndProject
Project("{8BC9CEB8-8B4A-11D0-8D11-00A0C91BC942}") = "LBGTMovementSimulatorPC", "LBGTMovementSimulatorPC\LBGTMovementSimulatorPC.vcxproj", "{F82D0891-F31D-4AE5-83C0-3FA870583F66}"
EndProject
Project("{8BC9CEB8-8B4A-11D0-8D11-00A0C91BC942}") = "Dictatorship", "Dictatorship\Dictatorship.vcxproj", "{BD46105C-2AB9-45DC-B72F-85A57E1C015D}"
EndProject
Project("{8BC9CEB8-8B4A-11D0-8D11-00A0C91BC942}") = "DictatprshipPC", "DictatprshipPC\DictatprshipPC.vcxproj", "{DDA59D69-5F4F-49C4-BC63-D9CC76049E94}"
EndProject
Project("{8BC9CEB8-8B4A-11D0-8D11-00A0C91BC942}") = "TrustPuzzle", "TrustPuzzle\TrustPuzzle.vcxproj", "{9E540219-99F5-489F-8222-BA3947196ABE}"
EndProject
Project("{8BC9CEB8-8B4A-11D0-8D11-00A0C91BC942}") = "TrustPuzzlePC", "TrustPuzzlePC\TrustPuzzlePC.vcxproj", "{3135F926-B8D9-4C3A-BD12-808F28D903BD}"
EndProject
Project("{8BC9CEB8-8B4A-11D0-8D11-00A0C91BC942}") = "Sacrifice", "Sacrifice\Sacrifice.vcxproj", "{466C0E6B-1A3C-4D46-A4C7-93EE89F83B4C}"
EndProject
Project("{8BC9CEB8-8B4A-11D0-8D11-00A0C91BC942}") = "SacrificePC", "SacrificePC\SacrificePC.vcxproj", "{9F04730C-A1E0-4DF2-A527-A958EB7A552F}"
EndProject
Project("{8BC9CEB8-8B4A-11D0-8D11-00A0C91BC942}") = "SacrificeDota", "SacrificeDota\SacrificeDota.vcxproj", "{1B3307F4-044F-4E43-A1E1-F491D71DFAF6}"
EndProject
Project("{8BC9CEB8-8B4A-11D0-8D11-00A0C91BC942}") = "SacrificeDotaPC", "SacrificeDotaPC\SacrificeDotaPC.vcxproj", "{D26059D2-50F8-460C-B040-2339A57CD88D}"
EndProject
Project("{8BC9CEB8-8B4A-11D0-8D11-00A0C91BC942}") = "BathSerenity", "BathSerenity\BathSerenity.vcxproj", "{B223ABF4-A01A-4CCE-85AD-02F22545CD92}"
EndProject
Project("{8BC9CEB8-8B4A-11D0-8D11-00A0C91BC942}") = "BathSerenityPC", "BathSerenityPC\BathSerenityPC.vcxproj", "{192F8D79-FADE-43A6-B543-4BAB18540326}"
EndProject
Project("{8BC9CEB8-8B4A-11D0-8D11-00A0C91BC942}") = "LineJumper", "LineJumper\LineJumper.vcxproj", "{9A1C4686-74F7-4106-A975-3FCD8FE6A31E}"
EndProject
Project("{8BC9CEB8-8B4A-11D0-8D11-00A0C91BC942}") = "LineJumperPC", "LineJumperPC\LineJumperPC.vcxproj", "{7C62B7EB-3F56-412C-8208-036307D797AB}"
EndProject
Project("{8BC9CEB8-8B4A-11D0-8D11-00A0C91BC942}") = "LegionTD", "LegionTD\LegionTD.vcxproj", "{8CAE78D9-463B-4BCE-A5AE-F268CF4D2BD6}"
EndProject
Project("{8BC9CEB8-8B4A-11D0-8D11-00A0C91BC942}") = "LegionTDPC", "LegionTDPC\LegionTDPC.vcxproj", "{F17AF62E-145A-4DFB-981A-D459F5601C98}"
EndProject
Project("{8BC9CEB8-8B4A-11D0-8D11-00A0C91BC942}") = "JATD", "JATD\JATD.vcxproj", "{99745483-8AAD-4128-BAA9-9A264F29DC1B}"
EndProject
Project("{8BC9CEB8-8B4A-11D0-8D11-00A0C91BC942}") = "JATDPC", "JATDPC\JATDPC.vcxproj", "{D974E975-741A-4852-8B61-3768CCF2C49E}"
EndProject
Project("{8BC9CEB8-8B4A-11D0-8D11-00A0C91BC942}") = "TheBindingOfIsaacHeroes", "TheBindingOfIsaacHeroes\TheBindingOfIsaacHeroes.vcxproj", "{B5D7F218-9F89-432C-AE5D-D7A997793382}"
EndProject
Project("{8BC9CEB8-8B4A-11D0-8D11-00A0C91BC942}") = "TheBindingOfIsaacHeroesPC", "TheBindingOfIsaacHeroesPC\TheBindingOfIsaacHeroesPC.vcxproj", "{38F854B6-14C1-4B73-8045-ABAA29921A80}"
EndProject
Project("{8BC9CEB8-8B4A-11D0-8D11-00A0C91BC942}") = "TrueHeroes", "TrueHeroes\TrueHeroes.vcxproj", "{85934C2E-8E99-4302-95BF-1F0CF70EFFBB}"
EndProject
Project("{8BC9CEB8-8B4A-11D0-8D11-00A0C91BC942}") = "TrueHeroesPC", "TrueHeroesPC\TrueHeroesPC.vcxproj", "{459D7D58-2BE7-403E-B5F1-3296C7EDC49B}"
EndProject
Project("{8BC9CEB8-8B4A-11D0-8D11-00A0C91BC942}") = "TicTacToe", "TicTacToe\TicTacToe.vcxproj", "{59DD81DC-66C7-4C76-A4F9-051FB3D05C5F}"
EndProject
Project("{8BC9CEB8-8B4A-11D0-8D11-00A0C91BC942}") = "TicTacToePC", "TicTacToePC\TicTacToePC.vcxproj", "{D22958FE-31DA-4823-8BF2-CB509E2F7DF0}"
EndProject
Global
	GlobalSection(SolutionConfigurationPlatforms) = preSolution
		Debug|x64 = Debug|x64
		Debug|x86 = Debug|x86
		Release|x64 = Release|x64
		Release|x86 = Release|x86
	EndGlobalSection
	GlobalSection(ProjectConfigurationPlatforms) = postSolution
		{B73245F3-4FA5-4D8A-8CD9-904EB32914B0}.Debug|x64.ActiveCfg = Debug|x64
		{B73245F3-4FA5-4D8A-8CD9-904EB32914B0}.Debug|x64.Build.0 = Debug|x64
		{B73245F3-4FA5-4D8A-8CD9-904EB32914B0}.Debug|x86.ActiveCfg = Debug|Win32
		{B73245F3-4FA5-4D8A-8CD9-904EB32914B0}.Debug|x86.Build.0 = Debug|Win32
		{B73245F3-4FA5-4D8A-8CD9-904EB32914B0}.Release|x64.ActiveCfg = Release|x64
		{B73245F3-4FA5-4D8A-8CD9-904EB32914B0}.Release|x64.Build.0 = Release|x64
		{B73245F3-4FA5-4D8A-8CD9-904EB32914B0}.Release|x86.ActiveCfg = Release|Win32
		{B73245F3-4FA5-4D8A-8CD9-904EB32914B0}.Release|x86.Build.0 = Release|Win32
		{A42B4DAA-1158-45D2-ACBD-88F90EE6B07C}.Debug|x64.ActiveCfg = Debug|x64
		{A42B4DAA-1158-45D2-ACBD-88F90EE6B07C}.Debug|x64.Build.0 = Debug|x64
		{A42B4DAA-1158-45D2-ACBD-88F90EE6B07C}.Debug|x86.ActiveCfg = Debug|Win32
		{A42B4DAA-1158-45D2-ACBD-88F90EE6B07C}.Debug|x86.Build.0 = Debug|Win32
		{A42B4DAA-1158-45D2-ACBD-88F90EE6B07C}.Release|x64.ActiveCfg = Release|x64
		{A42B4DAA-1158-45D2-ACBD-88F90EE6B07C}.Release|x64.Build.0 = Release|x64
		{A42B4DAA-1158-45D2-ACBD-88F90EE6B07C}.Release|x86.ActiveCfg = Release|Win32
		{A42B4DAA-1158-45D2-ACBD-88F90EE6B07C}.Release|x86.Build.0 = Release|Win32
		{E9D2FC9F-04A3-44F4-BFF1-565EED1BBA96}.Debug|x64.ActiveCfg = Debug|x64
		{E9D2FC9F-04A3-44F4-BFF1-565EED1BBA96}.Debug|x64.Build.0 = Debug|x64
		{E9D2FC9F-04A3-44F4-BFF1-565EED1BBA96}.Debug|x86.ActiveCfg = Debug|Win32
		{E9D2FC9F-04A3-44F4-BFF1-565EED1BBA96}.Debug|x86.Build.0 = Debug|Win32
		{E9D2FC9F-04A3-44F4-BFF1-565EED1BBA96}.Release|x64.ActiveCfg = Release|x64
		{E9D2FC9F-04A3-44F4-BFF1-565EED1BBA96}.Release|x64.Build.0 = Release|x64
		{E9D2FC9F-04A3-44F4-BFF1-565EED1BBA96}.Release|x86.ActiveCfg = Release|Win32
		{E9D2FC9F-04A3-44F4-BFF1-565EED1BBA96}.Release|x86.Build.0 = Release|Win32
		{96AB5FC7-D017-49A9-8DAB-7105754FBBF9}.Debug|x64.ActiveCfg = Debug|x64
		{96AB5FC7-D017-49A9-8DAB-7105754FBBF9}.Debug|x64.Build.0 = Debug|x64
		{96AB5FC7-D017-49A9-8DAB-7105754FBBF9}.Debug|x86.ActiveCfg = Debug|Win32
		{96AB5FC7-D017-49A9-8DAB-7105754FBBF9}.Debug|x86.Build.0 = Debug|Win32
		{96AB5FC7-D017-49A9-8DAB-7105754FBBF9}.Release|x64.ActiveCfg = Release|x64
		{96AB5FC7-D017-49A9-8DAB-7105754FBBF9}.Release|x64.Build.0 = Release|x64
		{96AB5FC7-D017-49A9-8DAB-7105754FBBF9}.Release|x86.ActiveCfg = Release|Win32
		{96AB5FC7-D017-49A9-8DAB-7105754FBBF9}.Release|x86.Build.0 = Release|Win32
		{8A97C72E-88D0-49BE-9A6E-BAC64AA30686}.Debug|x64.ActiveCfg = Debug|x64
		{8A97C72E-88D0-49BE-9A6E-BAC64AA30686}.Debug|x64.Build.0 = Debug|x64
		{8A97C72E-88D0-49BE-9A6E-BAC64AA30686}.Debug|x86.ActiveCfg = Debug|Win32
		{8A97C72E-88D0-49BE-9A6E-BAC64AA30686}.Debug|x86.Build.0 = Debug|Win32
		{8A97C72E-88D0-49BE-9A6E-BAC64AA30686}.Release|x64.ActiveCfg = Release|x64
		{8A97C72E-88D0-49BE-9A6E-BAC64AA30686}.Release|x64.Build.0 = Release|x64
		{8A97C72E-88D0-49BE-9A6E-BAC64AA30686}.Release|x86.ActiveCfg = Release|Win32
		{8A97C72E-88D0-49BE-9A6E-BAC64AA30686}.Release|x86.Build.0 = Release|Win32
		{B72685F2-5D33-4137-9DA0-CC88C064411C}.Debug|x64.ActiveCfg = Debug|x64
		{B72685F2-5D33-4137-9DA0-CC88C064411C}.Debug|x64.Build.0 = Debug|x64
		{B72685F2-5D33-4137-9DA0-CC88C064411C}.Debug|x86.ActiveCfg = Debug|Win32
		{B72685F2-5D33-4137-9DA0-CC88C064411C}.Debug|x86.Build.0 = Debug|Win32
		{B72685F2-5D33-4137-9DA0-CC88C064411C}.Release|x64.ActiveCfg = Release|x64
		{B72685F2-5D33-4137-9DA0-CC88C064411C}.Release|x64.Build.0 = Release|x64
		{B72685F2-5D33-4137-9DA0-CC88C064411C}.Release|x86.ActiveCfg = Release|Win32
		{B72685F2-5D33-4137-9DA0-CC88C064411C}.Release|x86.Build.0 = Release|Win32
		{1199503A-FC68-41F2-88DB-FF58BB6B2160}.Debug|x64.ActiveCfg = Debug|x64
		{1199503A-FC68-41F2-88DB-FF58BB6B2160}.Debug|x64.Build.0 = Debug|x64
		{1199503A-FC68-41F2-88DB-FF58BB6B2160}.Debug|x86.ActiveCfg = Debug|Win32
		{1199503A-FC68-41F2-88DB-FF58BB6B2160}.Debug|x86.Build.0 = Debug|Win32
		{1199503A-FC68-41F2-88DB-FF58BB6B2160}.Release|x64.ActiveCfg = Release|x64
		{1199503A-FC68-41F2-88DB-FF58BB6B2160}.Release|x64.Build.0 = Release|x64
		{1199503A-FC68-41F2-88DB-FF58BB6B2160}.Release|x86.ActiveCfg = Release|Win32
		{1199503A-FC68-41F2-88DB-FF58BB6B2160}.Release|x86.Build.0 = Release|Win32
		{A49FBC7D-966A-4D0C-B3F6-EE921716D8B6}.Debug|x64.ActiveCfg = Debug|x64
		{A49FBC7D-966A-4D0C-B3F6-EE921716D8B6}.Debug|x64.Build.0 = Debug|x64
		{A49FBC7D-966A-4D0C-B3F6-EE921716D8B6}.Debug|x86.ActiveCfg = Debug|Win32
		{A49FBC7D-966A-4D0C-B3F6-EE921716D8B6}.Debug|x86.Build.0 = Debug|Win32
		{A49FBC7D-966A-4D0C-B3F6-EE921716D8B6}.Release|x64.ActiveCfg = Release|x64
		{A49FBC7D-966A-4D0C-B3F6-EE921716D8B6}.Release|x64.Build.0 = Release|x64
		{A49FBC7D-966A-4D0C-B3F6-EE921716D8B6}.Release|x86.ActiveCfg = Release|Win32
		{A49FBC7D-966A-4D0C-B3F6-EE921716D8B6}.Release|x86.Build.0 = Release|Win32
		{4AE558B8-D7BA-4921-924C-5E6BD70B5CE1}.Debug|x64.ActiveCfg = Debug|x64
		{4AE558B8-D7BA-4921-924C-5E6BD70B5CE1}.Debug|x64.Build.0 = Debug|x64
		{4AE558B8-D7BA-4921-924C-5E6BD70B5CE1}.Debug|x86.ActiveCfg = Debug|Win32
		{4AE558B8-D7BA-4921-924C-5E6BD70B5CE1}.Debug|x86.Build.0 = Debug|Win32
		{4AE558B8-D7BA-4921-924C-5E6BD70B5CE1}.Release|x64.ActiveCfg = Release|x64
		{4AE558B8-D7BA-4921-924C-5E6BD70B5CE1}.Release|x64.Build.0 = Release|x64
		{4AE558B8-D7BA-4921-924C-5E6BD70B5CE1}.Release|x86.ActiveCfg = Release|Win32
		{4AE558B8-D7BA-4921-924C-5E6BD70B5CE1}.Release|x86.Build.0 = Release|Win32
		{BCF6A370-AFCC-496E-B12A-59A93ED930D4}.Debug|x64.ActiveCfg = Debug|x64
		{BCF6A370-AFCC-496E-B12A-59A93ED930D4}.Debug|x64.Build.0 = Debug|x64
		{BCF6A370-AFCC-496E-B12A-59A93ED930D4}.Debug|x86.ActiveCfg = Debug|Win32
		{BCF6A370-AFCC-496E-B12A-59A93ED930D4}.Debug|x86.Build.0 = Debug|Win32
		{BCF6A370-AFCC-496E-B12A-59A93ED930D4}.Release|x64.ActiveCfg = Release|x64
		{BCF6A370-AFCC-496E-B12A-59A93ED930D4}.Release|x64.Build.0 = Release|x64
		{BCF6A370-AFCC-496E-B12A-59A93ED930D4}.Release|x86.ActiveCfg = Release|Win32
		{BCF6A370-AFCC-496E-B12A-59A93ED930D4}.Release|x86.Build.0 = Release|Win32
		{F82D0891-F31D-4AE5-83C0-3FA870583F66}.Debug|x64.ActiveCfg = Debug|x64
		{F82D0891-F31D-4AE5-83C0-3FA870583F66}.Debug|x64.Build.0 = Debug|x64
		{F82D0891-F31D-4AE5-83C0-3FA870583F66}.Debug|x86.ActiveCfg = Debug|Win32
		{F82D0891-F31D-4AE5-83C0-3FA870583F66}.Debug|x86.Build.0 = Debug|Win32
		{F82D0891-F31D-4AE5-83C0-3FA870583F66}.Release|x64.ActiveCfg = Release|x64
		{F82D0891-F31D-4AE5-83C0-3FA870583F66}.Release|x64.Build.0 = Release|x64
		{F82D0891-F31D-4AE5-83C0-3FA870583F66}.Release|x86.ActiveCfg = Release|Win32
		{F82D0891-F31D-4AE5-83C0-3FA870583F66}.Release|x86.Build.0 = Release|Win32
		{BD46105C-2AB9-45DC-B72F-85A57E1C015D}.Debug|x64.ActiveCfg = Debug|x64
		{BD46105C-2AB9-45DC-B72F-85A57E1C015D}.Debug|x64.Build.0 = Debug|x64
		{BD46105C-2AB9-45DC-B72F-85A57E1C015D}.Debug|x86.ActiveCfg = Debug|Win32
		{BD46105C-2AB9-45DC-B72F-85A57E1C015D}.Debug|x86.Build.0 = Debug|Win32
		{BD46105C-2AB9-45DC-B72F-85A57E1C015D}.Release|x64.ActiveCfg = Release|x64
		{BD46105C-2AB9-45DC-B72F-85A57E1C015D}.Release|x64.Build.0 = Release|x64
		{BD46105C-2AB9-45DC-B72F-85A57E1C015D}.Release|x86.ActiveCfg = Release|Win32
		{BD46105C-2AB9-45DC-B72F-85A57E1C015D}.Release|x86.Build.0 = Release|Win32
		{DDA59D69-5F4F-49C4-BC63-D9CC76049E94}.Debug|x64.ActiveCfg = Debug|x64
		{DDA59D69-5F4F-49C4-BC63-D9CC76049E94}.Debug|x64.Build.0 = Debug|x64
		{DDA59D69-5F4F-49C4-BC63-D9CC76049E94}.Debug|x86.ActiveCfg = Debug|Win32
		{DDA59D69-5F4F-49C4-BC63-D9CC76049E94}.Debug|x86.Build.0 = Debug|Win32
		{DDA59D69-5F4F-49C4-BC63-D9CC76049E94}.Release|x64.ActiveCfg = Release|x64
		{DDA59D69-5F4F-49C4-BC63-D9CC76049E94}.Release|x64.Build.0 = Release|x64
		{DDA59D69-5F4F-49C4-BC63-D9CC76049E94}.Release|x86.ActiveCfg = Release|Win32
		{DDA59D69-5F4F-49C4-BC63-D9CC76049E94}.Release|x86.Build.0 = Release|Win32
		{9E540219-99F5-489F-8222-BA3947196ABE}.Debug|x64.ActiveCfg = Debug|x64
		{9E540219-99F5-489F-8222-BA3947196ABE}.Debug|x64.Build.0 = Debug|x64
		{9E540219-99F5-489F-8222-BA3947196ABE}.Debug|x86.ActiveCfg = Debug|Win32
		{9E540219-99F5-489F-8222-BA3947196ABE}.Debug|x86.Build.0 = Debug|Win32
		{9E540219-99F5-489F-8222-BA3947196ABE}.Release|x64.ActiveCfg = Release|x64
		{9E540219-99F5-489F-8222-BA3947196ABE}.Release|x64.Build.0 = Release|x64
		{9E540219-99F5-489F-8222-BA3947196ABE}.Release|x86.ActiveCfg = Release|Win32
		{9E540219-99F5-489F-8222-BA3947196ABE}.Release|x86.Build.0 = Release|Win32
		{3135F926-B8D9-4C3A-BD12-808F28D903BD}.Debug|x64.ActiveCfg = Debug|x64
		{3135F926-B8D9-4C3A-BD12-808F28D903BD}.Debug|x64.Build.0 = Debug|x64
		{3135F926-B8D9-4C3A-BD12-808F28D903BD}.Debug|x86.ActiveCfg = Debug|Win32
		{3135F926-B8D9-4C3A-BD12-808F28D903BD}.Debug|x86.Build.0 = Debug|Win32
		{3135F926-B8D9-4C3A-BD12-808F28D903BD}.Release|x64.ActiveCfg = Release|x64
		{3135F926-B8D9-4C3A-BD12-808F28D903BD}.Release|x64.Build.0 = Release|x64
		{3135F926-B8D9-4C3A-BD12-808F28D903BD}.Release|x86.ActiveCfg = Release|Win32
		{3135F926-B8D9-4C3A-BD12-808F28D903BD}.Release|x86.Build.0 = Release|Win32
		{466C0E6B-1A3C-4D46-A4C7-93EE89F83B4C}.Debug|x64.ActiveCfg = Debug|x64
		{466C0E6B-1A3C-4D46-A4C7-93EE89F83B4C}.Debug|x64.Build.0 = Debug|x64
		{466C0E6B-1A3C-4D46-A4C7-93EE89F83B4C}.Debug|x86.ActiveCfg = Debug|Win32
		{466C0E6B-1A3C-4D46-A4C7-93EE89F83B4C}.Debug|x86.Build.0 = Debug|Win32
		{466C0E6B-1A3C-4D46-A4C7-93EE89F83B4C}.Release|x64.ActiveCfg = Release|x64
		{466C0E6B-1A3C-4D46-A4C7-93EE89F83B4C}.Release|x64.Build.0 = Release|x64
		{466C0E6B-1A3C-4D46-A4C7-93EE89F83B4C}.Release|x86.ActiveCfg = Release|Win32
		{466C0E6B-1A3C-4D46-A4C7-93EE89F83B4C}.Release|x86.Build.0 = Release|Win32
		{9F04730C-A1E0-4DF2-A527-A958EB7A552F}.Debug|x64.ActiveCfg = Debug|x64
		{9F04730C-A1E0-4DF2-A527-A958EB7A552F}.Debug|x64.Build.0 = Debug|x64
		{9F04730C-A1E0-4DF2-A527-A958EB7A552F}.Debug|x86.ActiveCfg = Debug|Win32
		{9F04730C-A1E0-4DF2-A527-A958EB7A552F}.Debug|x86.Build.0 = Debug|Win32
		{9F04730C-A1E0-4DF2-A527-A958EB7A552F}.Release|x64.ActiveCfg = Release|x64
		{9F04730C-A1E0-4DF2-A527-A958EB7A552F}.Release|x64.Build.0 = Release|x64
		{9F04730C-A1E0-4DF2-A527-A958EB7A552F}.Release|x86.ActiveCfg = Release|Win32
		{9F04730C-A1E0-4DF2-A527-A958EB7A552F}.Release|x86.Build.0 = Release|Win32
		{1B3307F4-044F-4E43-A1E1-F491D71DFAF6}.Debug|x64.ActiveCfg = Debug|x64
		{1B3307F4-044F-4E43-A1E1-F491D71DFAF6}.Debug|x64.Build.0 = Debug|x64
		{1B3307F4-044F-4E43-A1E1-F491D71DFAF6}.Debug|x86.ActiveCfg = Debug|Win32
		{1B3307F4-044F-4E43-A1E1-F491D71DFAF6}.Debug|x86.Build.0 = Debug|Win32
		{1B3307F4-044F-4E43-A1E1-F491D71DFAF6}.Release|x64.ActiveCfg = Release|x64
		{1B3307F4-044F-4E43-A1E1-F491D71DFAF6}.Release|x64.Build.0 = Release|x64
		{1B3307F4-044F-4E43-A1E1-F491D71DFAF6}.Release|x86.ActiveCfg = Release|Win32
		{1B3307F4-044F-4E43-A1E1-F491D71DFAF6}.Release|x86.Build.0 = Release|Win32
		{D26059D2-50F8-460C-B040-2339A57CD88D}.Debug|x64.ActiveCfg = Debug|x64
		{D26059D2-50F8-460C-B040-2339A57CD88D}.Debug|x64.Build.0 = Debug|x64
		{D26059D2-50F8-460C-B040-2339A57CD88D}.Debug|x86.ActiveCfg = Debug|Win32
		{D26059D2-50F8-460C-B040-2339A57CD88D}.Debug|x86.Build.0 = Debug|Win32
		{D26059D2-50F8-460C-B040-2339A57CD88D}.Release|x64.ActiveCfg = Release|x64
		{D26059D2-50F8-460C-B040-2339A57CD88D}.Release|x64.Build.0 = Release|x64
		{D26059D2-50F8-460C-B040-2339A57CD88D}.Release|x86.ActiveCfg = Release|Win32
		{D26059D2-50F8-460C-B040-2339A57CD88D}.Release|x86.Build.0 = Release|Win32
		{B223ABF4-A01A-4CCE-85AD-02F22545CD92}.Debug|x64.ActiveCfg = Debug|x64
		{B223ABF4-A01A-4CCE-85AD-02F22545CD92}.Debug|x64.Build.0 = Debug|x64
		{B223ABF4-A01A-4CCE-85AD-02F22545CD92}.Debug|x86.ActiveCfg = Debug|Win32
		{B223ABF4-A01A-4CCE-85AD-02F22545CD92}.Debug|x86.Build.0 = Debug|Win32
		{B223ABF4-A01A-4CCE-85AD-02F22545CD92}.Release|x64.ActiveCfg = Release|x64
		{B223ABF4-A01A-4CCE-85AD-02F22545CD92}.Release|x64.Build.0 = Release|x64
		{B223ABF4-A01A-4CCE-85AD-02F22545CD92}.Release|x86.ActiveCfg = Release|Win32
		{B223ABF4-A01A-4CCE-85AD-02F22545CD92}.Release|x86.Build.0 = Release|Win32
		{192F8D79-FADE-43A6-B543-4BAB18540326}.Debug|x64.ActiveCfg = Debug|x64
		{192F8D79-FADE-43A6-B543-4BAB18540326}.Debug|x64.Build.0 = Debug|x64
		{192F8D79-FADE-43A6-B543-4BAB18540326}.Debug|x86.ActiveCfg = Debug|Win32
		{192F8D79-FADE-43A6-B543-4BAB18540326}.Debug|x86.Build.0 = Debug|Win32
		{192F8D79-FADE-43A6-B543-4BAB18540326}.Release|x64.ActiveCfg = Release|x64
		{192F8D79-FADE-43A6-B543-4BAB18540326}.Release|x64.Build.0 = Release|x64
		{192F8D79-FADE-43A6-B543-4BAB18540326}.Release|x86.ActiveCfg = Release|Win32
		{192F8D79-FADE-43A6-B543-4BAB18540326}.Release|x86.Build.0 = Release|Win32
		{9A1C4686-74F7-4106-A975-3FCD8FE6A31E}.Debug|x64.ActiveCfg = Debug|x64
		{9A1C4686-74F7-4106-A975-3FCD8FE6A31E}.Debug|x64.Build.0 = Debug|x64
		{9A1C4686-74F7-4106-A975-3FCD8FE6A31E}.Debug|x86.ActiveCfg = Debug|Win32
		{9A1C4686-74F7-4106-A975-3FCD8FE6A31E}.Debug|x86.Build.0 = Debug|Win32
		{9A1C4686-74F7-4106-A975-3FCD8FE6A31E}.Release|x64.ActiveCfg = Release|x64
		{9A1C4686-74F7-4106-A975-3FCD8FE6A31E}.Release|x64.Build.0 = Release|x64
		{9A1C4686-74F7-4106-A975-3FCD8FE6A31E}.Release|x86.ActiveCfg = Release|Win32
		{9A1C4686-74F7-4106-A975-3FCD8FE6A31E}.Release|x86.Build.0 = Release|Win32
		{7C62B7EB-3F56-412C-8208-036307D797AB}.Debug|x64.ActiveCfg = Debug|x64
		{7C62B7EB-3F56-412C-8208-036307D797AB}.Debug|x64.Build.0 = Debug|x64
		{7C62B7EB-3F56-412C-8208-036307D797AB}.Debug|x86.ActiveCfg = Debug|Win32
		{7C62B7EB-3F56-412C-8208-036307D797AB}.Debug|x86.Build.0 = Debug|Win32
		{7C62B7EB-3F56-412C-8208-036307D797AB}.Release|x64.ActiveCfg = Release|x64
		{7C62B7EB-3F56-412C-8208-036307D797AB}.Release|x64.Build.0 = Release|x64
		{7C62B7EB-3F56-412C-8208-036307D797AB}.Release|x86.ActiveCfg = Release|Win32
		{7C62B7EB-3F56-412C-8208-036307D797AB}.Release|x86.Build.0 = Release|Win32
		{8CAE78D9-463B-4BCE-A5AE-F268CF4D2BD6}.Debug|x64.ActiveCfg = Debug|x64
		{8CAE78D9-463B-4BCE-A5AE-F268CF4D2BD6}.Debug|x64.Build.0 = Debug|x64
		{8CAE78D9-463B-4BCE-A5AE-F268CF4D2BD6}.Debug|x86.ActiveCfg = Debug|Win32
		{8CAE78D9-463B-4BCE-A5AE-F268CF4D2BD6}.Debug|x86.Build.0 = Debug|Win32
		{8CAE78D9-463B-4BCE-A5AE-F268CF4D2BD6}.Release|x64.ActiveCfg = Release|x64
		{8CAE78D9-463B-4BCE-A5AE-F268CF4D2BD6}.Release|x64.Build.0 = Release|x64
		{8CAE78D9-463B-4BCE-A5AE-F268CF4D2BD6}.Release|x86.ActiveCfg = Release|Win32
		{8CAE78D9-463B-4BCE-A5AE-F268CF4D2BD6}.Release|x86.Build.0 = Release|Win32
		{F17AF62E-145A-4DFB-981A-D459F5601C98}.Debug|x64.ActiveCfg = Debug|x64
		{F17AF62E-145A-4DFB-981A-D459F5601C98}.Debug|x64.Build.0 = Debug|x64
		{F17AF62E-145A-4DFB-981A-D459F5601C98}.Debug|x86.ActiveCfg = Debug|Win32
		{F17AF62E-145A-4DFB-981A-D459F5601C98}.Debug|x86.Build.0 = Debug|Win32
		{F17AF62E-145A-4DFB-981A-D459F5601C98}.Release|x64.ActiveCfg = Release|x64
		{F17AF62E-145A-4DFB-981A-D459F5601C98}.Release|x64.Build.0 = Release|x64
		{F17AF62E-145A-4DFB-981A-D459F5601C98}.Release|x86.ActiveCfg = Release|Win32
		{F17AF62E-145A-4DFB-981A-D459F5601C98}.Release|x86.Build.0 = Release|Win32
		{99745483-8AAD-4128-BAA9-9A264F29DC1B}.Debug|x64.ActiveCfg = Debug|x64
		{99745483-8AAD-4128-BAA9-9A264F29DC1B}.Debug|x64.Build.0 = Debug|x64
		{99745483-8AAD-4128-BAA9-9A264F29DC1B}.Debug|x86.ActiveCfg = Debug|Win32
		{99745483-8AAD-4128-BAA9-9A264F29DC1B}.Debug|x86.Build.0 = Debug|Win32
		{99745483-8AAD-4128-BAA9-9A264F29DC1B}.Release|x64.ActiveCfg = Release|x64
		{99745483-8AAD-4128-BAA9-9A264F29DC1B}.Release|x64.Build.0 = Release|x64
		{99745483-8AAD-4128-BAA9-9A264F29DC1B}.Release|x86.ActiveCfg = Release|Win32
		{99745483-8AAD-4128-BAA9-9A264F29DC1B}.Release|x86.Build.0 = Release|Win32
		{D974E975-741A-4852-8B61-3768CCF2C49E}.Debug|x64.ActiveCfg = Debug|x64
		{D974E975-741A-4852-8B61-3768CCF2C49E}.Debug|x64.Build.0 = Debug|x64
		{D974E975-741A-4852-8B61-3768CCF2C49E}.Debug|x86.ActiveCfg = Debug|Win32
		{D974E975-741A-4852-8B61-3768CCF2C49E}.Debug|x86.Build.0 = Debug|Win32
		{D974E975-741A-4852-8B61-3768CCF2C49E}.Release|x64.ActiveCfg = Release|x64
		{D974E975-741A-4852-8B61-3768CCF2C49E}.Release|x64.Build.0 = Release|x64
		{D974E975-741A-4852-8B61-3768CCF2C49E}.Release|x86.ActiveCfg = Release|Win32
		{D974E975-741A-4852-8B61-3768CCF2C49E}.Release|x86.Build.0 = Release|Win32
		{B5D7F218-9F89-432C-AE5D-D7A997793382}.Debug|x64.ActiveCfg = Debug|x64
		{B5D7F218-9F89-432C-AE5D-D7A997793382}.Debug|x64.Build.0 = Debug|x64
		{B5D7F218-9F89-432C-AE5D-D7A997793382}.Debug|x86.ActiveCfg = Debug|Win32
		{B5D7F218-9F89-432C-AE5D-D7A997793382}.Debug|x86.Build.0 = Debug|Win32
		{B5D7F218-9F89-432C-AE5D-D7A997793382}.Release|x64.ActiveCfg = Release|x64
		{B5D7F218-9F89-432C-AE5D-D7A997793382}.Release|x64.Build.0 = Release|x64
		{B5D7F218-9F89-432C-AE5D-D7A997793382}.Release|x86.ActiveCfg = Release|Win32
		{B5D7F218-9F89-432C-AE5D-D7A997793382}.Release|x86.Build.0 = Release|Win32
		{38F854B6-14C1-4B73-8045-ABAA29921A80}.Debug|x64.ActiveCfg = Debug|x64
		{38F854B6-14C1-4B73-8045-ABAA29921A80}.Debug|x64.Build.0 = Debug|x64
		{38F854B6-14C1-4B73-8045-ABAA29921A80}.Debug|x86.ActiveCfg = Debug|Win32
		{38F854B6-14C1-4B73-8045-ABAA29921A80}.Debug|x86.Build.0 = Debug|Win32
		{38F854B6-14C1-4B73-8045-ABAA29921A80}.Release|x64.ActiveCfg = Release|x64
		{38F854B6-14C1-4B73-8045-ABAA29921A80}.Release|x64.Build.0 = Release|x64
		{38F854B6-14C1-4B73-8045-ABAA29921A80}.Release|x86.ActiveCfg = Release|Win32
		{38F854B6-14C1-4B73-8045-ABAA29921A80}.Release|x86.Build.0 = Release|Win32
		{85934C2E-8E99-4302-95BF-1F0CF70EFFBB}.Debug|x64.ActiveCfg = Debug|x64
		{85934C2E-8E99-4302-95BF-1F0CF70EFFBB}.Debug|x64.Build.0 = Debug|x64
		{85934C2E-8E99-4302-95BF-1F0CF70EFFBB}.Debug|x86.ActiveCfg = Debug|Win32
		{85934C2E-8E99-4302-95BF-1F0CF70EFFBB}.Debug|x86.Build.0 = Debug|Win32
		{85934C2E-8E99-4302-95BF-1F0CF70EFFBB}.Release|x64.ActiveCfg = Release|x64
		{85934C2E-8E99-4302-95BF-1F0CF70EFFBB}.Release|x64.Build.0 = Release|x64
		{85934C2E-8E99-4302-95BF-1F0CF70EFFBB}.Release|x86.ActiveCfg = Release|Win32
		{85934C2E-8E99-4302-95BF-1F0CF70EFFBB}.Release|x86.Build.0 = Release|Win32
		{459D7D58-2BE7-403E-B5F1-3296C7EDC49B}.Debug|x64.ActiveCfg = Debug|x64
		{459D7D58-2BE7-403E-B5F1-3296C7EDC49B}.Debug|x64.Build.0 = Debug|x64
		{459D7D58-2BE7-403E-B5F1-3296C7EDC49B}.Debug|x86.ActiveCfg = Debug|Win32
		{459D7D58-2BE7-403E-B5F1-3296C7EDC49B}.Debug|x86.Build.0 = Debug|Win32
		{459D7D58-2BE7-403E-B5F1-3296C7EDC49B}.Release|x64.ActiveCfg = Release|x64
		{459D7D58-2BE7-403E-B5F1-3296C7EDC49B}.Release|x64.Build.0 = Release|x64
		{459D7D58-2BE7-403E-B5F1-3296C7EDC49B}.Release|x86.ActiveCfg = Release|Win32
		{459D7D58-2BE7-403E-B5F1-3296C7EDC49B}.Release|x86.Build.0 = Release|Win32
		{59DD81DC-66C7-4C76-A4F9-051FB3D05C5F}.Debug|x64.ActiveCfg = Debug|x64
		{59DD81DC-66C7-4C76-A4F9-051FB3D05C5F}.Debug|x64.Build.0 = Debug|x64
		{59DD81DC-66C7-4C76-A4F9-051FB3D05C5F}.Debug|x86.ActiveCfg = Debug|Win32
		{59DD81DC-66C7-4C76-A4F9-051FB3D05C5F}.Debug|x86.Build.0 = Debug|Win32
		{59DD81DC-66C7-4C76-A4F9-051FB3D05C5F}.Release|x64.ActiveCfg = Release|x64
		{59DD81DC-66C7-4C76-A4F9-051FB3D05C5F}.Release|x64.Build.0 = Release|x64
		{59DD81DC-66C7-4C76-A4F9-051FB3D05C5F}.Release|x86.ActiveCfg = Release|Win32
		{59DD81DC-66C7-4C76-A4F9-051FB3D05C5F}.Release|x86.Build.0 = Release|Win32
		{D22958FE-31DA-4823-8BF2-CB509E2F7DF0}.Debug|x64.ActiveCfg = Debug|x64
		{D22958FE-31DA-4823-8BF2-CB509E2F7DF0}.Debug|x64.Build.0 = Debug|x64
		{D22958FE-31DA-4823-8BF2-CB509E2F7DF0}.Debug|x86.ActiveCfg = Debug|Win32
		{D22958FE-31DA-4823-8BF2-CB509E2F7DF0}.Debug|x86.Build.0 = Debug|Win32
		{D22958FE-31DA-4823-8BF2-CB509E2F7DF0}.Release|x64.ActiveCfg = Release|x64
		{D22958FE-31DA-4823-8BF2-CB509E2F7DF0}.Release|x64.Build.0 = Release|x64
		{D22958FE-31DA-4823-8BF2-CB509E2F7DF0}.Release|x86.ActiveCfg = Release|Win32
		{D22958FE-31DA-4823-8BF2-CB509E2F7DF0}.Release|x86.Build.0 = Release|Win32
	EndGlobalSection
	GlobalSection(SolutionProperties) = preSolution
		HideSolutionNode = FALSE
	EndGlobalSection
EndGlobal
