<?xml version="1.0" encoding="utf-8"?>
<Project ToolsVersion="4.0" xmlns="http://schemas.microsoft.com/developer/msbuild/2003">
  <ItemGroup>
    <Filter Include="Resource Files">
      <UniqueIdentifier>{67DA6AB6-F800-4c08-8B7A-83BB121AAD01}</UniqueIdentifier>
      <Extensions>rc;ico;cur;bmp;dlg;rc2;rct;bin;rgs;gif;jpg;jpeg;jpe;resx;tiff;tif;png;wav;mfcribbon-ms</Extensions>
    </Filter>
    <Filter Include="Utils">
      <UniqueIdentifier>{642b8bd9-ceb2-4b20-a41d-711bd9275300}</UniqueIdentifier>
    </Filter>
    <Filter Include="Math">
      <UniqueIdentifier>{312bcf8a-5f46-49da-9610-f7b18f76a925}</UniqueIdentifier>
    </Filter>
    <Filter Include="Info">
      <UniqueIdentifier>{c3f24d7c-f02f-43d4-8889-a2cfd0be2f2c}</UniqueIdentifier>
    </Filter>
    <Filter Include="Gameplay">
      <UniqueIdentifier>{1759d1e5-cfed-418b-ab28-a9e76c3c6771}</UniqueIdentifier>
    </Filter>
    <Filter Include="Base">
      <UniqueIdentifier>{26ff3805-8065-4d86-bce7-bcaa384fb39f}</UniqueIdentifier>
    </Filter>
    <Filter Include="Engine">
      <UniqueIdentifier>{4FC737F1-C7A5-4376-A066-2A32D752A2FF}</UniqueIdentifier>
      <Extensions>cpp;c;cc;cxx;def;odl;idl;hpj;bat;asm;asmx</Extensions>
    </Filter>
    <Filter Include="__">
      <UniqueIdentifier>{73ef2401-8b8c-4d3a-8475-465bcfccaf71}</UniqueIdentifier>
    </Filter>
    <Filter Include="Utils\Shortcuts">
      <UniqueIdentifier>{9aababfa-951f-4b08-add9-53dccffbfc50}</UniqueIdentifier>
    </Filter>
  </ItemGroup>
  <ItemGroup>
    <ClInclude Include="stdafx.h">
      <Filter>__</Filter>
    </ClInclude>
    <ClInclude Include="targetver.h">
      <Filter>__</Filter>
    </ClInclude>
    <ClInclude Include="Engine\Entity.h" />
    <ClInclude Include="Engine\GameManager.h" />
    <ClInclude Include="Engine\Component.h" />
    <ClInclude Include="Engine\Components\Drawable.h" />
    <ClInclude Include="Engine\Components\TextComponent.h" />
    <ClInclude Include="Engine\Components\UIComponent.h" />
    <ClInclude Include="Engine\Components\UI\UIButton.h" />
    <ClInclude Include="Engine\Components\UI\UICheckbox.h" />
    <ClInclude Include="Engine\Components\UI\UIHint.h" />
    <ClInclude Include="Engine\Components\UI\UILabel.h" />
    <ClInclude Include="Engine\Components\UI\UIMinimap.h" />
    <ClInclude Include="Engine\Components\UI\UIPanel.h" />
    <ClInclude Include="Engine\Components\UI\UIProgressBar.h" />
    <ClInclude Include="Engine\Components\UI\UIRadioButton.h" />
    <ClInclude Include="Engine\Components\UI\UIScrollBar.h" />
    <ClInclude Include="Engine\Components\UI\UISimpleButton.h" />
    <ClInclude Include="Engine\Components\UI\UISlider.h" />
    <ClInclude Include="Engine\Components\UI\UISpoiler.h" />
    <ClInclude Include="Engine\Components\UI\UIWindow.h" />
    <ClInclude Include="Engine\Config\AppConfig.h" />
    <ClInclude Include="Engine\Config\Config.h" />
    <ClInclude Include="Engine\Config\MapConfig.h" />
    <ClInclude Include="Engine\Config\MapConfigTiled.h" />
    <ClInclude Include="Engine\Components\Collision\CircleCollider.h" />
    <ClInclude Include="Engine\Components\Collision\Collider.h">
      <Filter>Base</Filter>
    </ClInclude>
    <ClInclude Include="Engine\Components\Collision\Collision.h">
      <Filter>Base</Filter>
    </ClInclude>
    <ClInclude Include="Engine\Components\Collision\LineCollider.h" />
    <ClInclude Include="Engine\Components\Collision\MapCollider.h" />
    <ClInclude Include="Engine\Components\Collision\RectCollider.h">
      <Filter>Base</Filter>
    </ClInclude>
    <ClInclude Include="Math\Math.h" />
    <ClInclude Include="Engine\Components\Controllable.h" />
    <ClInclude Include="Engine\Utils\EngiUtils.h" />
    <ClInclude Include="Engine\Utils\pystring.h" />
    <ClInclude Include="Engine\Utils\Singleton.h" />
    <ClInclude Include="Engine\Utils\StringUtils.h" />
    <ClInclude Include="Engine\Utils\SystemInfo.h" />
    <ClInclude Include="Engine\Utils\Utils.h" />
    <ClInclude Include="Engine\Utils\WindowTitleManager.h" />
    <ClInclude Include="Engine\Components\Collidable.h" />
    <ClInclude Include="Engine\CoordinateSystem.h" />
    <ClInclude Include="Engine\InputHandler.h" />
    <ClInclude Include="Engine\Camera.h" />
    <ClInclude Include="Engine\API.h" />
    <ClInclude Include="Engine\Game.h" />
    <ClInclude Include="Engine\Cache\FontCache.h" />
    <ClInclude Include="Engine\Cache\TextureCache.h" />
    <ClInclude Include="Engine\Components\Drawing\Sprite.h" />
    <ClInclude Include="Engine\Components\Controlling\Playable.h" />
    <ClInclude Include="Engine\Utils\SDLUtils.h" />
    <ClInclude Include="Engine\Utils\CppUtils.h" />
    <ClInclude Include="Engine\Components\Controlling\AI.h" />
    <ClInclude Include="Engine\Mechanics.h" />
    <ClInclude Include="Engine\Components\PhysicsComponent.h" />
    <ClInclude Include="Engine\Components\Physics\SimplePhysicsComponent.h" />
    <ClInclude Include="Engine\Components\Physics\Box2DPhysicsComponent.h" />
    <ClInclude Include="Engine\Components\Drawing\AnimatedSprite.h" />
    <ClInclude Include="Engine\Components\Drawing\FolderAnimation.h" />
    <ClInclude Include="Engine\Components\Drawing\ConfigAnimation.h" />
    <ClInclude Include="Engine\Config\AnimationConfig.h" />
    <ClInclude Include="Engine\Config\Animation\RomenoAnimConfig.h" />
    <ClInclude Include="Engine\Components\Drawing\SpriteBase.h" />
    <ClInclude Include="Engine\Components\UI\Sensors\MouseInputSensor.h" />
    <ClInclude Include="Engine\Components\UI\Sensors\InputSensor.h" />
    <ClInclude Include="Engine\Components\UI\Sensors\EntityPositionSensor.h" />
    <ClInclude Include="Engine\Input\Keyboard.h" />
    <ClInclude Include="Engine\Input\Mouse.h" />
    <ClInclude Include="Engine\Utils\Logger\Logger.h" />
    <ClInclude Include="Engine\Utils\Logger\Sink.h" />
    <ClInclude Include="Engine\Utils\types.h" />
    <ClInclude Include="Engine\Utils\MeasureUnits\InfoSize.h" />
    <ClInclude Include="Engine\Components\UI\UIICon.h" />
    <ClInclude Include="Mechanics\Menu\Menu.h" />
    <ClInclude Include="Mechanics\Qix\Components\Controlling\PingPongAI.h" />
    <ClInclude Include="Mechanics\Qix\Components\Controlling\QixPC.h" />
    <ClInclude Include="Mechanics\Qix\Components\Controlling\TickPingPongAI.h" />
    <ClInclude Include="Mechanics\Qix\Config\MapConfigStub.h" />
    <ClInclude Include="Mechanics\Qix\Config\PlayerConfig.h" />
    <ClInclude Include="Mechanics\Qix\LineCascade.h" />
    <ClInclude Include="Mechanics\Qix\Qix.h" />
    <ClInclude Include="Mechanics\Qix\QixAPI.h" />
    <ClInclude Include="Mechanics\Qix\QixCamera.h" />
    <ClInclude Include="Mechanics\Qix\QixIH.h" />
    <ClInclude Include="Mechanics\TD\TD.h" />
    <ClInclude Include="Mechanics\Tetris\Fields\FieldInt.h" />
    <ClInclude Include="Mechanics\Tetris\Fields\TetrisField.h" />
    <ClInclude Include="Mechanics\Tetris\Tetris.h" />
    <ClInclude Include="Mechanics\Tetris\TetrisAPI.h" />
    <ClInclude Include="Mechanics\Tetris\TetrisCamera.h" />
    <ClInclude Include="Mechanics\Tetris\TetrisCommon.h" />
    <ClInclude Include="Mechanics\Tetris\TetrisIH.h" />
    <ClInclude Include="Mechanics\VisualNovel\VisualNovel.h" />
    <ClInclude Include="Engine\Components\UI\FocusManager.h" />
    <ClInclude Include="Engine\Utils\DebugOutputManager.h" />
    <ClInclude Include="Engine\Utils\PreprocessorUtils.h" />
    <ClInclude Include="Engine\Utils\Logger\Loggers.h" />
    <ClInclude Include="Engine\Utils\TextUtils.h" />
  </ItemGroup>
  <ItemGroup>
    <ClCompile Include="stdafx.cpp">
      <Filter>__</Filter>
    </ClCompile>
    <ClCompile Include="Engine\Entity.cpp">
      <Filter>Engine</Filter>
    </ClCompile>
    <ClCompile Include="Engine\GameManager.cpp">
      <Filter>Engine</Filter>
    </ClCompile>
    <ClCompile Include="Engine\Component.cpp">
      <Filter>Engine</Filter>
    </ClCompile>
    <ClCompile Include="Engine\Components\Drawable.cpp">
      <Filter>Engine</Filter>
    </ClCompile>
    <ClCompile Include="Engine\Components\TextComponent.cpp">
      <Filter>Engine</Filter>
    </ClCompile>
    <ClCompile Include="Engine\Components\UIComponent.cpp">
      <Filter>Engine</Filter>
    </ClCompile>
    <ClCompile Include="Engine\Components\UI\UIButton.cpp">
      <Filter>Engine</Filter>
    </ClCompile>
    <ClCompile Include="Engine\Components\UI\UICheckbox.cpp">
      <Filter>Engine</Filter>
    </ClCompile>
    <ClCompile Include="Engine\Components\UI\UIHint.cpp">
      <Filter>Engine</Filter>
    </ClCompile>
    <ClCompile Include="Engine\Components\UI\UILabel.cpp">
      <Filter>Engine</Filter>
    </ClCompile>
    <ClCompile Include="Engine\Components\UI\UIMinimap.cpp">
      <Filter>Engine</Filter>
    </ClCompile>
    <ClCompile Include="Engine\Components\UI\UIPanel.cpp">
      <Filter>Engine</Filter>
    </ClCompile>
    <ClCompile Include="Engine\Components\UI\UIProgressBar.cpp">
      <Filter>Engine</Filter>
    </ClCompile>
    <ClCompile Include="Engine\Components\UI\UIRadioButton.cpp">
      <Filter>Engine</Filter>
    </ClCompile>
    <ClCompile Include="Engine\Components\UI\UIScrollBar.cpp">
      <Filter>Engine</Filter>
    </ClCompile>
    <ClCompile Include="Engine\Components\UI\UISimpleButton.cpp">
      <Filter>Engine</Filter>
    </ClCompile>
    <ClCompile Include="Engine\Components\UI\UISlider.cpp">
      <Filter>Engine</Filter>
    </ClCompile>
    <ClCompile Include="Engine\Components\UI\UISpoiler.cpp">
      <Filter>Engine</Filter>
    </ClCompile>
    <ClCompile Include="Engine\Components\UI\UIWindow.cpp">
      <Filter>Engine</Filter>
    </ClCompile>
    <ClCompile Include="Engine\Config\AppConfig.cpp">
      <Filter>Engine</Filter>
    </ClCompile>
    <ClCompile Include="Engine\Config\Config.cpp">
      <Filter>Engine</Filter>
    </ClCompile>
    <ClCompile Include="Engine\Config\MapConfig.cpp">
      <Filter>Engine</Filter>
    </ClCompile>
    <ClCompile Include="Engine\Config\MapConfigTiled.cpp">
      <Filter>Engine</Filter>
    </ClCompile>
    <ClCompile Include="Engine\Components\Collision\CircleCollider.cpp">
      <Filter>Engine</Filter>
    </ClCompile>
    <ClCompile Include="Engine\Components\Collision\Collider.cpp">
      <Filter>Base</Filter>
    </ClCompile>
    <ClCompile Include="Engine\Components\Collision\Collision.cpp">
      <Filter>Base</Filter>
    </ClCompile>
    <ClCompile Include="Engine\Components\Collision\LineCollider.cpp">
      <Filter>Engine</Filter>
    </ClCompile>
    <ClCompile Include="Engine\Components\Collision\MapCollider.cpp">
      <Filter>Engine</Filter>
    </ClCompile>
    <ClCompile Include="Engine\Components\Collision\RectCollider.cpp">
      <Filter>Base</Filter>
    </ClCompile>
    <ClCompile Include="Math\Math.cpp">
      <Filter>Engine</Filter>
    </ClCompile>
    <ClCompile Include="Engine\Components\Controllable.cpp">
      <Filter>Engine</Filter>
    </ClCompile>
    <ClCompile Include="Engine\Utils\pystring.cpp">
      <Filter>Engine</Filter>
    </ClCompile>
    <ClCompile Include="Engine\Utils\Singleton.cpp">
      <Filter>Engine</Filter>
    </ClCompile>
    <ClCompile Include="Engine\Utils\StringUtils.cpp">
      <Filter>Engine</Filter>
    </ClCompile>
    <ClCompile Include="Engine\Utils\SystemInfo.cpp">
      <Filter>Engine</Filter>
    </ClCompile>
    <ClCompile Include="Engine\Utils\WindowTitleManager.cpp">
      <Filter>Engine</Filter>
    </ClCompile>
    <ClCompile Include="Engine\Components\Collidable.cpp">
      <Filter>Engine</Filter>
    </ClCompile>
    <ClCompile Include="Engine\CoordinateSystem.cpp">
      <Filter>Engine</Filter>
    </ClCompile>
    <ClCompile Include="Engine\InputHandler.cpp">
      <Filter>Engine</Filter>
    </ClCompile>
    <ClCompile Include="Engine\Camera.cpp">
      <Filter>Engine</Filter>
    </ClCompile>
    <ClCompile Include="Engine\API.cpp">
      <Filter>Engine</Filter>
    </ClCompile>
    <ClCompile Include="Engine\Game.cpp">
      <Filter>Engine</Filter>
    </ClCompile>
    <ClCompile Include="Engine\Cache\FontCache.cpp">
      <Filter>Engine</Filter>
    </ClCompile>
    <ClCompile Include="Engine\Cache\TextureCache.cpp">
      <Filter>Engine</Filter>
    </ClCompile>
    <ClCompile Include="Engine\Components\Drawing\Sprite.cpp">
      <Filter>Engine</Filter>
    </ClCompile>
    <ClCompile Include="Engine\Components\Controlling\Playable.cpp">
      <Filter>Engine</Filter>
    </ClCompile>
    <ClCompile Include="Engine\Utils\SDLUtils.cpp">
      <Filter>Engine</Filter>
    </ClCompile>
    <ClCompile Include="Engine\Utils\EngiUtils.cpp">
      <Filter>Engine</Filter>
    </ClCompile>
    <ClCompile Include="Engine\Utils\Utils.cpp">
      <Filter>Engine</Filter>
    </ClCompile>
    <ClCompile Include="Engine\Utils\CppUtils.cpp">
      <Filter>Engine</Filter>
    </ClCompile>
    <ClCompile Include="Engine\Components\Controlling\AI.cpp">
      <Filter>Engine</Filter>
    </ClCompile>
    <ClCompile Include="Engine\Mechanics.cpp">
      <Filter>Engine</Filter>
    </ClCompile>
    <ClCompile Include="Engine\Components\PhysicsComponent.cpp">
      <Filter>Engine</Filter>
    </ClCompile>
    <ClCompile Include="Engine\Components\Physics\SimplePhysicsComponent.cpp">
      <Filter>Engine</Filter>
    </ClCompile>
    <ClCompile Include="Engine\Components\Physics\Box2DPhysicsComponent.cpp">
      <Filter>Engine</Filter>
    </ClCompile>
    <ClCompile Include="Engine\Components\Drawing\AnimatedSprite.cpp">
      <Filter>Engine</Filter>
    </ClCompile>
    <ClCompile Include="Engine\Components\Drawing\FolderAnimation.cpp">
      <Filter>Engine</Filter>
    </ClCompile>
    <ClCompile Include="Engine\Components\Drawing\ConfigAnimation.cpp">
      <Filter>Engine</Filter>
    </ClCompile>
    <ClCompile Include="Engine\Config\AnimationConfig.cpp">
      <Filter>Engine</Filter>
    </ClCompile>
    <ClCompile Include="Engine\Config\Animation\RomenoAnimConfig.cpp">
      <Filter>Engine</Filter>
    </ClCompile>
    <ClCompile Include="Engine\Components\Drawing\SpriteBase.cpp">
      <Filter>Engine</Filter>
    </ClCompile>
    <ClCompile Include="Engine\Components\UI\Sensors\MouseInputSensor.cpp">
      <Filter>Engine</Filter>
    </ClCompile>
    <ClCompile Include="Engine\Components\UI\Sensors\InputSensor.cpp">
      <Filter>Engine</Filter>
    </ClCompile>
    <ClCompile Include="Engine\Components\UI\Sensors\EntityPositionSensor.cpp">
      <Filter>Engine</Filter>
    </ClCompile>
    <ClCompile Include="Engine\Input\Keyboard.cpp">
      <Filter>Engine</Filter>
    </ClCompile>
    <ClCompile Include="Engine\Input\Mouse.cpp">
      <Filter>Engine</Filter>
    </ClCompile>
    <ClCompile Include="Engine\Utils\Logger\Logger.cpp">
      <Filter>Engine</Filter>
    </ClCompile>
    <ClCompile Include="Engine\Utils\Logger\Sink.cpp">
      <Filter>Engine</Filter>
    </ClCompile>
    <ClCompile Include="Engine\Components\UI\UIICon.cpp">
      <Filter>Engine</Filter>
    </ClCompile>
    <ClCompile Include="Mechanics\Menu\Menu.cpp">
      <Filter>Engine</Filter>
    </ClCompile>
    <ClCompile Include="Mechanics\Qix\Components\Controlling\PingPongAI.cpp">
      <Filter>Engine</Filter>
    </ClCompile>
    <ClCompile Include="Mechanics\Qix\Components\Controlling\QixPC.cpp">
      <Filter>Engine</Filter>
    </ClCompile>
    <ClCompile Include="Mechanics\Qix\Components\Controlling\TickPingPongAI.cpp">
      <Filter>Engine</Filter>
    </ClCompile>
    <ClCompile Include="Mechanics\Qix\Config\MapConfigStub.cpp">
      <Filter>Engine</Filter>
    </ClCompile>
    <ClCompile Include="Mechanics\Qix\Config\PlayerConfig.cpp">
      <Filter>Engine</Filter>
    </ClCompile>
    <ClCompile Include="Mechanics\Qix\LineCascade.cpp">
      <Filter>Engine</Filter>
    </ClCompile>
    <ClCompile Include="Mechanics\Qix\Qix.cpp">
      <Filter>Engine</Filter>
    </ClCompile>
    <ClCompile Include="Mechanics\Qix\QixAPI.cpp">
      <Filter>Engine</Filter>
    </ClCompile>
    <ClCompile Include="Mechanics\Qix\QixCamera.cpp">
      <Filter>Engine</Filter>
    </ClCompile>
    <ClCompile Include="Mechanics\Qix\QixIH.cpp">
      <Filter>Engine</Filter>
    </ClCompile>
    <ClCompile Include="Mechanics\TD\TD.cpp">
      <Filter>Engine</Filter>
    </ClCompile>
    <ClCompile Include="Mechanics\Tetris\Fields\FieldInt.cpp">
      <Filter>Engine</Filter>
    </ClCompile>
    <ClCompile Include="Mechanics\Tetris\Fields\TetrisField.cpp">
      <Filter>Engine</Filter>
    </ClCompile>
    <ClCompile Include="Mechanics\Tetris\Tetris.cpp">
      <Filter>Engine</Filter>
    </ClCompile>
    <ClCompile Include="Mechanics\Tetris\TetrisAPI.cpp">
      <Filter>Engine</Filter>
    </ClCompile>
    <ClCompile Include="Mechanics\Tetris\TetrisCamera.cpp">
      <Filter>Engine</Filter>
    </ClCompile>
    <ClCompile Include="Mechanics\Tetris\TetrisIH.cpp">
      <Filter>Engine</Filter>
    </ClCompile>
    <ClCompile Include="Mechanics\VisualNovel\VisualNovel.cpp">
      <Filter>Engine</Filter>
    </ClCompile>
    <ClCompile Include="Engine\Components\UI\FocusManager.cpp">
      <Filter>Engine</Filter>
    </ClCompile>
    <ClCompile Include="Engine\Utils\DebugOutputManager.cpp">
      <Filter>Engine</Filter>
    </ClCompile>
    <ClCompile Include="Engine\Utils\TextUtils.cpp">
      <Filter>Engine</Filter>
    </ClCompile>
  </ItemGroup>
  <ItemGroup>
    <Text Include="README.md" />
  </ItemGroup>
</Project>