<?xml version="1.0" encoding="utf-8"?>
<Project ToolsVersion="4.0" xmlns="http://schemas.microsoft.com/developer/msbuild/2003">
  <ItemGroup>
    <Filter Include="Source Files">
      <UniqueIdentifier>{4FC737F1-C7A5-4376-A066-2A32D752A2FF}</UniqueIdentifier>
      <Extensions>cpp;c;cc;cxx;def;odl;idl;hpj;bat;asm;asmx</Extensions>
    </Filter>
    <Filter Include="Header Files">
      <UniqueIdentifier>{93995380-89BD-4b04-88EB-625FBE52EBFB}</UniqueIdentifier>
      <Extensions>h;hh;hpp;hxx;hm;inl;inc;xsd</Extensions>
    </Filter>
    <Filter Include="Resource Files">
      <UniqueIdentifier>{67DA6AB6-F800-4c08-8B7A-83BB121AAD01}</UniqueIdentifier>
      <Extensions>rc;ico;cur;bmp;dlg;rc2;rct;bin;rgs;gif;jpg;jpeg;jpe;resx;tiff;tif;png;wav;mfcribbon-ms</Extensions>
    </Filter>
  </ItemGroup>
  <ItemGroup>
    <ClInclude Include="stdafx.h">
      <Filter>Header Files</Filter>
    </ClInclude>
    <ClInclude Include="targetver.h">
      <Filter>Header Files</Filter>
    </ClInclude>
    <ClInclude Include="Heroes\Heroes.h">
      <Filter>Header Files</Filter>
    </ClInclude>
    <ClInclude Include="Heroes\HeroesCamera.h">
      <Filter>Header Files</Filter>
    </ClInclude>
    <ClInclude Include="Heroes\Config\PlayerConfig.h">
      <Filter>Header Files</Filter>
    </ClInclude>
    <ClInclude Include="Heroes\HeroesAPI.h">
      <Filter>Header Files</Filter>
    </ClInclude>
    <ClInclude Include="Heroes\Config\ArenaConfig.h">
      <Filter>Header Files</Filter>
    </ClInclude>
    <ClInclude Include="Heroes\Config\BattleConfig.h">
      <Filter>Header Files</Filter>
    </ClInclude>
    <ClInclude Include="Heroes\Config\BattleSideConfig.h">
      <Filter>Header Files</Filter>
    </ClInclude>
    <ClInclude Include="Heroes\Data\Types\ResourceTypeInfo.h">
      <Filter>Header Files</Filter>
    </ClInclude>
    <ClInclude Include="Heroes\Data\Types\UnitAbilitiyTypeInfo.h">
      <Filter>Header Files</Filter>
    </ClInclude>
    <ClInclude Include="Heroes\Data\Types\UnitTypeInfo.h">
      <Filter>Header Files</Filter>
    </ClInclude>
    <ClInclude Include="Heroes\Data\Objects\PlayerInfo.h">
      <Filter>Header Files</Filter>
    </ClInclude>
    <ClInclude Include="Heroes\Data\Objects\ResourceInfo.h">
      <Filter>Header Files</Filter>
    </ClInclude>
    <ClInclude Include="Heroes\Data\Types\WorldObjectTypeInfo.h">
      <Filter>Header Files</Filter>
    </ClInclude>
    <ClInclude Include="Heroes\Config\WorldObjectTypeConfig.h">
      <Filter>Header Files</Filter>
    </ClInclude>
    <ClInclude Include="Heroes\Config\UnitTypeConfig.h">
      <Filter>Header Files</Filter>
    </ClInclude>
    <ClInclude Include="Heroes\Config\UnitAbilityTypeConfig.h">
      <Filter>Header Files</Filter>
    </ClInclude>
    <ClInclude Include="Heroes\Data\Objects\ArenaInfo.h">
      <Filter>Header Files</Filter>
    </ClInclude>
    <ClInclude Include="Heroes\Data\Objects\BattleInfo.h">
      <Filter>Header Files</Filter>
    </ClInclude>
    <ClInclude Include="Heroes\Data\Objects\BattleObjectInfo.h">
      <Filter>Header Files</Filter>
    </ClInclude>
    <ClInclude Include="Heroes\Config\BattleObjectConfig.h">
      <Filter>Header Files</Filter>
    </ClInclude>
    <ClInclude Include="Heroes\Data\Objects\BattleSideInfo.h">
      <Filter>Header Files</Filter>
    </ClInclude>
    <ClInclude Include="Heroes\Config\WorldRegionConfig.h">
      <Filter>Header Files</Filter>
    </ClInclude>
    <ClInclude Include="Heroes\Data\Objects\WorldRegionInfo.h">
      <Filter>Header Files</Filter>
    </ClInclude>
    <ClInclude Include="Heroes\Data\Objects\WorldViewObjectInfo.h">
      <Filter>Header Files</Filter>
    </ClInclude>
  </ItemGroup>
  <ItemGroup>
    <ClCompile Include="stdafx.cpp">
      <Filter>Source Files</Filter>
    </ClCompile>
    <ClCompile Include="Heroes\Heroes.cpp">
      <Filter>Source Files</Filter>
    </ClCompile>
    <ClCompile Include="Heroes\HeroesCamera.cpp">
      <Filter>Source Files</Filter>
    </ClCompile>
    <ClCompile Include="Heroes\Config\PlayerConfig.cpp">
      <Filter>Source Files</Filter>
    </ClCompile>
    <ClCompile Include="Heroes\HeroesAPI.cpp">
      <Filter>Source Files</Filter>
    </ClCompile>
    <ClCompile Include="Heroes\Config\ArenaConfig.cpp">
      <Filter>Source Files</Filter>
    </ClCompile>
    <ClCompile Include="Heroes\Config\BattleConfig.cpp">
      <Filter>Source Files</Filter>
    </ClCompile>
    <ClCompile Include="Heroes\Config\BattleSideConfig.cpp">
      <Filter>Source Files</Filter>
    </ClCompile>
    <ClCompile Include="Heroes\Data\Types\ResourceTypeInfo.cpp">
      <Filter>Source Files</Filter>
    </ClCompile>
    <ClCompile Include="Heroes\Data\Types\UnitAbilitiyTypeInfo.cpp">
      <Filter>Source Files</Filter>
    </ClCompile>
    <ClCompile Include="Heroes\Data\Types\UnitTypeInfo.cpp">
      <Filter>Source Files</Filter>
    </ClCompile>
    <ClCompile Include="Heroes\Data\Objects\PlayerInfo.cpp">
      <Filter>Source Files</Filter>
    </ClCompile>
    <ClCompile Include="Heroes\Data\Objects\ResourceInfo.cpp">
      <Filter>Source Files</Filter>
    </ClCompile>
    <ClCompile Include="Heroes\Data\Types\WorldObjectTypeInfo.cpp">
      <Filter>Source Files</Filter>
    </ClCompile>
    <ClCompile Include="Heroes\Config\WorldObjectTypeConfig.cpp">
      <Filter>Source Files</Filter>
    </ClCompile>
    <ClCompile Include="Heroes\Config\UnitTypeConfig.cpp">
      <Filter>Source Files</Filter>
    </ClCompile>
    <ClCompile Include="Heroes\Config\UnitAbilityTypeConfig.cpp">
      <Filter>Source Files</Filter>
    </ClCompile>
    <ClCompile Include="Heroes\Data\Objects\ArenaInfo.cpp">
      <Filter>Source Files</Filter>
    </ClCompile>
    <ClCompile Include="Heroes\Data\Objects\BattleInfo.cpp">
      <Filter>Source Files</Filter>
    </ClCompile>
    <ClCompile Include="Heroes\Data\Objects\BattleObjectInfo.cpp">
      <Filter>Source Files</Filter>
    </ClCompile>
    <ClCompile Include="Heroes\Config\BattleObjectConfig.cpp">
      <Filter>Source Files</Filter>
    </ClCompile>
    <ClCompile Include="Heroes\Data\Objects\BattleSideInfo.cpp">
      <Filter>Source Files</Filter>
    </ClCompile>
    <ClCompile Include="Heroes\Config\WorldRegionConfig.cpp">
      <Filter>Source Files</Filter>
    </ClCompile>
    <ClCompile Include="Heroes\Data\Objects\WorldRegionInfo.cpp">
      <Filter>Source Files</Filter>
    </ClCompile>
    <ClCompile Include="Heroes\Data\Objects\WorldViewObjectInfo.cpp">
      <Filter>Source Files</Filter>
    </ClCompile>
  </ItemGroup>
  <ItemGroup>
    <None Include="README.md" />
  </ItemGroup>
</Project>