<?xml version="1.0" encoding="utf-8"?>
<Project ToolsVersion="4.0" xmlns="http://schemas.microsoft.com/developer/msbuild/2003">
  <ItemGroup>
    <Filter Include="Resource Files">
      <UniqueIdentifier>{67DA6AB6-F800-4c08-8B7A-83BB121AAD01}</UniqueIdentifier>
      <Extensions>rc;ico;cur;bmp;dlg;rc2;rct;bin;rgs;gif;jpg;jpeg;jpe;resx;tiff;tif;png;wav;mfcribbon-ms</Extensions>
    </Filter>
    <Filter Include="Utils">
      <UniqueIdentifier>{642b8bd9-ceb2-4b20-a41d-711bd9275300}</UniqueIdentifier>
    </Filter>
    <Filter Include="Math">
      <UniqueIdentifier>{312bcf8a-5f46-49da-9610-f7b18f76a925}</UniqueIdentifier>
    </Filter>
    <Filter Include="Info">
      <UniqueIdentifier>{c3f24d7c-f02f-43d4-8889-a2cfd0be2f2c}</UniqueIdentifier>
    </Filter>
    <Filter Include="Gameplay">
      <UniqueIdentifier>{1759d1e5-cfed-418b-ab28-a9e76c3c6771}</UniqueIdentifier>
    </Filter>
    <Filter Include="Base">
      <UniqueIdentifier>{26ff3805-8065-4d86-bce7-bcaa384fb39f}</UniqueIdentifier>
    </Filter>
    <Filter Include="Engine">
      <UniqueIdentifier>{4FC737F1-C7A5-4376-A066-2A32D752A2FF}</UniqueIdentifier>
      <Extensions>cpp;c;cc;cxx;def;odl;idl;hpj;bat;asm;asmx</Extensions>
    </Filter>
    <Filter Include="__">
      <UniqueIdentifier>{73ef2401-8b8c-4d3a-8475-465bcfccaf71}</UniqueIdentifier>
    </Filter>
    <Filter Include="Utils\Shortcuts">
      <UniqueIdentifier>{9aababfa-951f-4b08-add9-53dccffbfc50}</UniqueIdentifier>
    </Filter>
  </ItemGroup>
  <ItemGroup>
    <ClInclude Include="Engine\Collision\Collision.h">
      <Filter>Base</Filter>
    </ClInclude>
    <ClInclude Include="Engine\Collision\Collider.h">
      <Filter>Base</Filter>
    </ClInclude>
    <ClInclude Include="Engine\Config\AppConfig.h">
      <Filter>Engine</Filter>
    </ClInclude>
    <ClInclude Include="Engine\Config\Config.h">
      <Filter>Engine</Filter>
    </ClInclude>
    <ClInclude Include="Engine\Controlling\DrawableController.h">
      <Filter>Base</Filter>
    </ClInclude>
    <ClInclude Include="Engine\InputHandler.h">
      <Filter>Base</Filter>
    </ClInclude>
    <ClInclude Include="Gameplay\LineCascade.h">
      <Filter>Gameplay</Filter>
    </ClInclude>
    <ClInclude Include="Engine\GameManager.h">
      <Filter>Engine</Filter>
    </ClInclude>
    <ClInclude Include="Engine\Entity.h">
      <Filter>Base</Filter>
    </ClInclude>
    <ClInclude Include="Engine\Drawable.h">
      <Filter>Base</Filter>
    </ClInclude>
    <ClInclude Include="Engine\ColoredRect.h">
      <Filter>Base</Filter>
    </ClInclude>
    <ClInclude Include="Engine\DrawableRect.h">
      <Filter>Base</Filter>
    </ClInclude>
    <ClInclude Include="Engine\CoordinateSystem.h">
      <Filter>Utils</Filter>
    </ClInclude>
    <ClInclude Include="Engine\Utils\Logger.h">
      <Filter>Utils</Filter>
    </ClInclude>
    <ClInclude Include="Engine\Config\MapConfig.h">
      <Filter>Gameplay</Filter>
    </ClInclude>
    <ClInclude Include="Engine\Config\MapConfigStub.h">
      <Filter>Gameplay</Filter>
    </ClInclude>
    <ClInclude Include="Engine\Config\MapConfigTiled.h">
      <Filter>Gameplay</Filter>
    </ClInclude>
    <ClInclude Include="Engine\Controlling\PingPongMonsterAI.h">
      <Filter>Gameplay</Filter>
    </ClInclude>
    <ClInclude Include="Engine\Controlling\PlayerController.h">
      <Filter>Base</Filter>
    </ClInclude>
    <ClInclude Include="Engine\Utils\pystring.h">
      <Filter>Utils</Filter>
    </ClInclude>
    <ClInclude Include="Engine\Utils\Singleton.h">
      <Filter>Utils</Filter>
    </ClInclude>
    <ClInclude Include="Engine\Sprite.h">
      <Filter>Base</Filter>
    </ClInclude>
    <ClInclude Include="Engine\Utils\StringUtils.h">
      <Filter>Utils</Filter>
    </ClInclude>
    <ClInclude Include="Engine\ScreenController.h">
      <Filter>Base</Filter>
    </ClInclude>
    <ClInclude Include="Gameplay\QixIH.h">
      <Filter>Gameplay</Filter>
    </ClInclude>
    <ClInclude Include="Gameplay\QixPC.h">
      <Filter>Gameplay</Filter>
    </ClInclude>
    <ClInclude Include="Gameplay\QixSC.h">
      <Filter>Gameplay</Filter>
    </ClInclude>
    <ClInclude Include="Engine\Collision\RectCollider.h">
      <Filter>Base</Filter>
    </ClInclude>
    <ClInclude Include="Engine\Utils\WindowTitleManager.h">
      <Filter>Engine</Filter>
    </ClInclude>
    <ClInclude Include="Engine\TextureManager.h">
      <Filter>Engine</Filter>
    </ClInclude>
    <ClInclude Include="Engine\Utils\SystemInfo.h">
      <Filter>Info</Filter>
    </ClInclude>
    <ClInclude Include="Engine\Rect.h">
      <Filter>Utils</Filter>
    </ClInclude>
    <ClInclude Include="Engine\Utils\Utils.h">
      <Filter>Utils</Filter>
    </ClInclude>
    <ClInclude Include="Engine\Utils\Uncategorized.h">
      <Filter>Utils</Filter>
    </ClInclude>
    <ClInclude Include="Engine\Controlling\TickPingPongMonsterAI.h" />
    <ClInclude Include="resource.h" />
    <ClInclude Include="stdafx.h">
      <Filter>__</Filter>
    </ClInclude>
    <ClInclude Include="targetver.h">
      <Filter>__</Filter>
    </ClInclude>
    <ClInclude Include="Engine\Utils\EngiUtils.h">
      <Filter>Utils</Filter>
    </ClInclude>
    <ClInclude Include="Engine\Controlling\AIController.h">
      <Filter>Base</Filter>
    </ClInclude>
    <ClInclude Include="Gameplay\Defines.h">
      <Filter>Utils</Filter>
    </ClInclude>
    <ClInclude Include="Gameplay\PC.h">
      <Filter>Utils\Shortcuts</Filter>
    </ClInclude>
    <ClInclude Include="Gameplay\IH.h">
      <Filter>Utils\Shortcuts</Filter>
    </ClInclude>
    <ClInclude Include="Gameplay\SC.h">
      <Filter>Utils\Shortcuts</Filter>
    </ClInclude>
    <ClInclude Include="Math\Math.h">
      <Filter>Math</Filter>
    </ClInclude>
  </ItemGroup>
  <ItemGroup>
    <ClCompile Include="Engine\Collision\Collision.cpp">
      <Filter>Base</Filter>
    </ClCompile>
    <ClCompile Include="Engine\Collision\Collider.cpp">
      <Filter>Base</Filter>
    </ClCompile>
    <ClCompile Include="Engine\Config\AppConfig.cpp">
      <Filter>Engine</Filter>
    </ClCompile>
    <ClCompile Include="Engine\Config\Config.cpp">
      <Filter>Engine</Filter>
    </ClCompile>
    <ClCompile Include="Engine\Controlling\DrawableController.cpp">
      <Filter>Base</Filter>
    </ClCompile>
    <ClCompile Include="Engine\InputHandler.cpp">
      <Filter>Base</Filter>
    </ClCompile>
    <ClCompile Include="Gameplay\LineCascade.cpp">
      <Filter>Gameplay</Filter>
    </ClCompile>
    <ClCompile Include="Engine\GameManager.cpp">
      <Filter>Engine</Filter>
    </ClCompile>
    <ClCompile Include="Engine\Entity.cpp">
      <Filter>Base</Filter>
    </ClCompile>
    <ClCompile Include="Engine\Drawable.cpp">
      <Filter>Base</Filter>
    </ClCompile>
    <ClCompile Include="Engine\ColoredRect.cpp">
      <Filter>Base</Filter>
    </ClCompile>
    <ClCompile Include="Engine\DrawableRect.cpp">
      <Filter>Base</Filter>
    </ClCompile>
    <ClCompile Include="Engine\CoordinateSystem.cpp">
      <Filter>Utils</Filter>
    </ClCompile>
    <ClCompile Include="Engine\Utils\Logger.cpp">
      <Filter>Utils</Filter>
    </ClCompile>
    <ClCompile Include="Gameplay\main.cpp">
      <Filter>Engine</Filter>
    </ClCompile>
    <ClCompile Include="Engine\Config\MapConfig.cpp">
      <Filter>Gameplay</Filter>
    </ClCompile>
    <ClCompile Include="Engine\Config\MapConfigStub.cpp">
      <Filter>Gameplay</Filter>
    </ClCompile>
    <ClCompile Include="Engine\Config\MapConfigTiled.cpp">
      <Filter>Gameplay</Filter>
    </ClCompile>
    <ClCompile Include="Engine\Controlling\PingPongMonsterAI.cpp">
      <Filter>Gameplay</Filter>
    </ClCompile>
    <ClCompile Include="Engine\Controlling\PlayerController.cpp">
      <Filter>Base</Filter>
    </ClCompile>
    <ClCompile Include="Engine\Utils\pystring.cpp">
      <Filter>Utils</Filter>
    </ClCompile>
    <ClCompile Include="Engine\Utils\Singleton.cpp">
      <Filter>Utils</Filter>
    </ClCompile>
    <ClCompile Include="Engine\Sprite.cpp">
      <Filter>Base</Filter>
    </ClCompile>
    <ClCompile Include="Engine\Utils\StringUtils.cpp">
      <Filter>Utils</Filter>
    </ClCompile>
    <ClCompile Include="Engine\ScreenController.cpp">
      <Filter>Base</Filter>
    </ClCompile>
    <ClCompile Include="Gameplay\QixIH.cpp">
      <Filter>Gameplay</Filter>
    </ClCompile>
    <ClCompile Include="Gameplay\QixPC.cpp">
      <Filter>Gameplay</Filter>
    </ClCompile>
    <ClCompile Include="Gameplay\QixSC.cpp">
      <Filter>Gameplay</Filter>
    </ClCompile>
    <ClCompile Include="Engine\Collision\RectCollider.cpp">
      <Filter>Base</Filter>
    </ClCompile>
    <ClCompile Include="Engine\Utils\WindowTitleManager.cpp">
      <Filter>Engine</Filter>
    </ClCompile>
    <ClCompile Include="Engine\TextureManager.cpp">
      <Filter>Engine</Filter>
    </ClCompile>
    <ClCompile Include="Engine\Utils\SystemInfo.cpp">
      <Filter>Info</Filter>
    </ClCompile>
    <ClCompile Include="Engine\Utils\Uncategorized.cpp">
      <Filter>Utils</Filter>
    </ClCompile>
    <ClCompile Include="Engine\Controlling\TickPingPongMonsterAI.cpp">
      <Filter>Engine</Filter>
    </ClCompile>
    <ClCompile Include="stdafx.cpp">
      <Filter>__</Filter>
    </ClCompile>
    <ClCompile Include="Engine\Controlling\AIController.cpp">
      <Filter>Base</Filter>
    </ClCompile>
    <ClCompile Include="Math\Math.cpp">
      <Filter>Math</Filter>
    </ClCompile>
  </ItemGroup>
  <ItemGroup>
    <Text Include="README.md" />
  </ItemGroup>
  <ItemGroup>
    <ResourceCompile Include="SDL.rc">
      <Filter>Resource Files</Filter>
    </ResourceCompile>
  </ItemGroup>
</Project>